// !$*UTF8*$!
{
	archiveVersion = 1;
	classes = {
	};
	objectVersion = 46;
	objects = {

/* Begin PBXBuildFile section */
		995CB3F41E3C0E3400C65044 /* AppDelegate.swift in Sources */ = {isa = PBXBuildFile; fileRef = 995CB3F31E3C0E3400C65044 /* AppDelegate.swift */; };
		995CB3F61E3C0E3400C65044 /* ViewController.swift in Sources */ = {isa = PBXBuildFile; fileRef = 995CB3F51E3C0E3400C65044 /* ViewController.swift */; };
		995CB3F91E3C0E3400C65044 /* Main.storyboard in Resources */ = {isa = PBXBuildFile; fileRef = 995CB3F71E3C0E3400C65044 /* Main.storyboard */; };
		995CB3FB1E3C0E3400C65044 /* Assets.xcassets in Resources */ = {isa = PBXBuildFile; fileRef = 995CB3FA1E3C0E3400C65044 /* Assets.xcassets */; };
		995CB3FE1E3C0E3400C65044 /* LaunchScreen.storyboard in Resources */ = {isa = PBXBuildFile; fileRef = 995CB3FC1E3C0E3400C65044 /* LaunchScreen.storyboard */; };
		995CB4071E3C965100C65044 /* CoreLocation.framework in Frameworks */ = {isa = PBXBuildFile; fileRef = 995CB4061E3C965100C65044 /* CoreLocation.framework */; };
		995CB4091E3D80E000C65044 /* CoreBluetooth.framework in Frameworks */ = {isa = PBXBuildFile; fileRef = 995CB4081E3D80E000C65044 /* CoreBluetooth.framework */; };
		995CB40B1E3D966E00C65044 /* AVFoundation.framework in Frameworks */ = {isa = PBXBuildFile; fileRef = 995CB40A1E3D966E00C65044 /* AVFoundation.framework */; };
		995CB40F1E3D985D00C65044 /* pinpon.mp3 in Resources */ = {isa = PBXBuildFile; fileRef = 995CB40E1E3D985D00C65044 /* pinpon.mp3 */; };
		995CB4111E3DB77600C65044 /* hai.mp3 in Resources */ = {isa = PBXBuildFile; fileRef = 995CB4101E3DB77600C65044 /* hai.mp3 */; };
/* End PBXBuildFile section */

/* Begin PBXFileReference section */
		995CB3F01E3C0E3400C65044 /* kurokiri.app */ = {isa = PBXFileReference; explicitFileType = wrapper.application; includeInIndex = 0; path = kurokiri.app; sourceTree = BUILT_PRODUCTS_DIR; };
		995CB3F31E3C0E3400C65044 /* AppDelegate.swift */ = {isa = PBXFileReference; lastKnownFileType = sourcecode.swift; path = AppDelegate.swift; sourceTree = "<group>"; };
		995CB3F51E3C0E3400C65044 /* ViewController.swift */ = {isa = PBXFileReference; lastKnownFileType = sourcecode.swift; path = ViewController.swift; sourceTree = "<group>"; };
		995CB3F81E3C0E3400C65044 /* Base */ = {isa = PBXFileReference; lastKnownFileType = file.storyboard; name = Base; path = Base.lproj/Main.storyboard; sourceTree = "<group>"; };
		995CB3FA1E3C0E3400C65044 /* Assets.xcassets */ = {isa = PBXFileReference; lastKnownFileType = folder.assetcatalog; path = Assets.xcassets; sourceTree = "<group>"; };
		995CB3FD1E3C0E3400C65044 /* Base */ = {isa = PBXFileReference; lastKnownFileType = file.storyboard; name = Base; path = Base.lproj/LaunchScreen.storyboard; sourceTree = "<group>"; };
		995CB3FF1E3C0E3400C65044 /* Info.plist */ = {isa = PBXFileReference; lastKnownFileType = text.plist.xml; path = Info.plist; sourceTree = "<group>"; };
		995CB4061E3C965100C65044 /* CoreLocation.framework */ = {isa = PBXFileReference; lastKnownFileType = wrapper.framework; name = CoreLocation.framework; path = System/Library/Frameworks/CoreLocation.framework; sourceTree = SDKROOT; };
		995CB4081E3D80E000C65044 /* CoreBluetooth.framework */ = {isa = PBXFileReference; lastKnownFileType = wrapper.framework; name = CoreBluetooth.framework; path = System/Library/Frameworks/CoreBluetooth.framework; sourceTree = SDKROOT; };
		995CB40A1E3D966E00C65044 /* AVFoundation.framework */ = {isa = PBXFileReference; lastKnownFileType = wrapper.framework; name = AVFoundation.framework; path = System/Library/Frameworks/AVFoundation.framework; sourceTree = SDKROOT; };
		995CB40E1E3D985D00C65044 /* pinpon.mp3 */ = {isa = PBXFileReference; lastKnownFileType = audio.mp3; name = pinpon.mp3; path = ../../../Desktop/pinpon.mp3; sourceTree = "<group>"; };
		995CB4101E3DB77600C65044 /* hai.mp3 */ = {isa = PBXFileReference; lastKnownFileType = audio.mp3; name = hai.mp3; path = ../../../Desktop/hai.mp3; sourceTree = "<group>"; };
/* End PBXFileReference section */

/* Begin PBXFrameworksBuildPhase section */
		995CB3ED1E3C0E3400C65044 /* Frameworks */ = {
			isa = PBXFrameworksBuildPhase;
			buildActionMask = 2147483647;
			files = (
				995CB40B1E3D966E00C65044 /* AVFoundation.framework in Frameworks */,
				995CB4091E3D80E000C65044 /* CoreBluetooth.framework in Frameworks */,
				995CB4071E3C965100C65044 /* CoreLocation.framework in Frameworks */,
			);
			runOnlyForDeploymentPostprocessing = 0;
		};
/* End PBXFrameworksBuildPhase section */

/* Begin PBXGroup section */
		995CB3E71E3C0E3400C65044 = {
			isa = PBXGroup;
			children = (
				995CB3F21E3C0E3400C65044 /* kurokiri */,
				995CB3F11E3C0E3400C65044 /* Products */,
				995CB4051E3C965100C65044 /* Frameworks */,
			);
			sourceTree = "<group>";
		};
		995CB3F11E3C0E3400C65044 /* Products */ = {
			isa = PBXGroup;
			children = (
				995CB3F01E3C0E3400C65044 /* kurokiri.app */,
			);
			name = Products;
			sourceTree = "<group>";
		};
		995CB3F21E3C0E3400C65044 /* kurokiri */ = {
			isa = PBXGroup;
			children = (
				995CB4101E3DB77600C65044 /* hai.mp3 */,
				995CB40E1E3D985D00C65044 /* pinpon.mp3 */,
				995CB3F31E3C0E3400C65044 /* AppDelegate.swift */,
				995CB3F51E3C0E3400C65044 /* ViewController.swift */,
				995CB3F71E3C0E3400C65044 /* Main.storyboard */,
				995CB3FA1E3C0E3400C65044 /* Assets.xcassets */,
				995CB3FC1E3C0E3400C65044 /* LaunchScreen.storyboard */,
				995CB3FF1E3C0E3400C65044 /* Info.plist */,
			);
			path = kurokiri;
			sourceTree = "<group>";
		};
		995CB4051E3C965100C65044 /* Frameworks */ = {
			isa = PBXGroup;
			children = (
				995CB40A1E3D966E00C65044 /* AVFoundation.framework */,
				995CB4081E3D80E000C65044 /* CoreBluetooth.framework */,
				995CB4061E3C965100C65044 /* CoreLocation.framework */,
			);
			name = Frameworks;
			sourceTree = "<group>";
		};
/* End PBXGroup section */

/* Begin PBXNativeTarget section */
		995CB3EF1E3C0E3400C65044 /* kurokiri */ = {
			isa = PBXNativeTarget;
			buildConfigurationList = 995CB4021E3C0E3400C65044 /* Build configuration list for PBXNativeTarget "kurokiri" */;
			buildPhases = (
				995CB3EC1E3C0E3400C65044 /* Sources */,
				995CB3ED1E3C0E3400C65044 /* Frameworks */,
				995CB3EE1E3C0E3400C65044 /* Resources */,
			);
			buildRules = (
			);
			dependencies = (
			);
			name = kurokiri;
			productName = kurokiri;
			productReference = 995CB3F01E3C0E3400C65044 /* kurokiri.app */;
			productType = "com.apple.product-type.application";
		};
/* End PBXNativeTarget section */

/* Begin PBXProject section */
		995CB3E81E3C0E3400C65044 /* Project object */ = {
			isa = PBXProject;
			attributes = {
				LastSwiftUpdateCheck = 0820;
				LastUpgradeCheck = 0820;
				ORGANIZATIONNAME = "Yasuhiro Matsumura";
				TargetAttributes = {
					995CB3EF1E3C0E3400C65044 = {
						CreatedOnToolsVersion = 8.2.1;
						DevelopmentTeam = 36GRAS5SS4;
						ProvisioningStyle = Automatic;
					};
				};
			};
			buildConfigurationList = 995CB3EB1E3C0E3400C65044 /* Build configuration list for PBXProject "kurokiri" */;
			compatibilityVersion = "Xcode 3.2";
			developmentRegion = English;
			hasScannedForEncodings = 0;
			knownRegions = (
				en,
				Base,
			);
			mainGroup = 995CB3E71E3C0E3400C65044;
			productRefGroup = 995CB3F11E3C0E3400C65044 /* Products */;
			projectDirPath = "";
			projectRoot = "";
			targets = (
				995CB3EF1E3C0E3400C65044 /* kurokiri */,
			);
		};
/* End PBXProject section */

/* Begin PBXResourcesBuildPhase section */
		995CB3EE1E3C0E3400C65044 /* Resources */ = {
			isa = PBXResourcesBuildPhase;
			buildActionMask = 2147483647;
			files = (
				995CB3FE1E3C0E3400C65044 /* LaunchScreen.storyboard in Resources */,
				995CB4111E3DB77600C65044 /* hai.mp3 in Resources */,
				995CB3FB1E3C0E3400C65044 /* Assets.xcassets in Resources */,
				995CB3F91E3C0E3400C65044 /* Main.storyboard in Resources */,
				995CB40F1E3D985D00C65044 /* pinpon.mp3 in Resources */,
			);
			runOnlyForDeploymentPostprocessing = 0;
		};
/* End PBXResourcesBuildPhase section */

/* Begin PBXSourcesBuildPhase section */
		995CB3EC1E3C0E3400C65044 /* Sources */ = {
			isa = PBXSourcesBuildPhase;
			buildActionMask = 2147483647;
			files = (
				995CB3F61E3C0E3400C65044 /* ViewController.swift in Sources */,
				995CB3F41E3C0E3400C65044 /* AppDelegate.swift in Sources */,
			);
			runOnlyForDeploymentPostprocessing = 0;
		};
/* End PBXSourcesBuildPhase section */

/* Begin PBXVariantGroup section */
		995CB3F71E3C0E3400C65044 /* Main.storyboard */ = {
			isa = PBXVariantGroup;
			children = (
				995CB3F81E3C0E3400C65044 /* Base */,
			);
			name = Main.storyboard;
			sourceTree = "<group>";
		};
		995CB3FC1E3C0E3400C65044 /* LaunchScreen.storyboard */ = {
			isa = PBXVariantGroup;
			children = (
				995CB3FD1E3C0E3400C65044 /* Base */,
			);
			name = LaunchScreen.storyboard;
			sourceTree = "<group>";
		};
/* End PBXVariantGroup section */

/* Begin XCBuildConfiguration section */
		995CB4001E3C0E3400C65044 /* Debug */ = {
			isa = XCBuildConfiguration;
			buildSettings = {
				ALWAYS_SEARCH_USER_PATHS = NO;
				CLANG_ANALYZER_NONNULL = YES;
				CLANG_CXX_LANGUAGE_STANDARD = "gnu++0x";
				CLANG_CXX_LIBRARY = "libc++";
				CLANG_ENABLE_MODULES = YES;
				CLANG_ENABLE_OBJC_ARC = YES;
				CLANG_WARN_BOOL_CONVERSION = YES;
				CLANG_WARN_CONSTANT_CONVERSION = YES;
				CLANG_WARN_DIRECT_OBJC_ISA_USAGE = YES_ERROR;
				CLANG_WARN_DOCUMENTATION_COMMENTS = YES;
				CLANG_WARN_EMPTY_BODY = YES;
				CLANG_WARN_ENUM_CONVERSION = YES;
				CLANG_WARN_INFINITE_RECURSION = YES;
				CLANG_WARN_INT_CONVERSION = YES;
				CLANG_WARN_OBJC_ROOT_CLASS = YES_ERROR;
				CLANG_WARN_SUSPICIOUS_MOVE = YES;
				CLANG_WARN_UNREACHABLE_CODE = YES;
				CLANG_WARN__DUPLICATE_METHOD_MATCH = YES;
				"CODE_SIGN_IDENTITY[sdk=iphoneos*]" = "iPhone Developer";
				COPY_PHASE_STRIP = NO;
				DEBUG_INFORMATION_FORMAT = dwarf;
				ENABLE_STRICT_OBJC_MSGSEND = YES;
				ENABLE_TESTABILITY = YES;
				GCC_C_LANGUAGE_STANDARD = gnu99;
				GCC_DYNAMIC_NO_PIC = NO;
				GCC_NO_COMMON_BLOCKS = YES;
				GCC_OPTIMIZATION_LEVEL = 0;
				GCC_PREPROCESSOR_DEFINITIONS = (
					"DEBUG=1",
					"$(inherited)",
				);
				GCC_WARN_64_TO_32_BIT_CONVERSION = YES;
				GCC_WARN_ABOUT_RETURN_TYPE = YES_ERROR;
				GCC_WARN_UNDECLARED_SELECTOR = YES;
				GCC_WARN_UNINITIALIZED_AUTOS = YES_AGGRESSIVE;
				GCC_WARN_UNUSED_FUNCTION = YES;
				GCC_WARN_UNUSED_VARIABLE = YES;
				IPHONEOS_DEPLOYMENT_TARGET = 10.2;
				MTL_ENABLE_DEBUG_INFO = YES;
				ONLY_ACTIVE_ARCH = YES;
				SDKROOT = iphoneos;
				SWIFT_ACTIVE_COMPILATION_CONDITIONS = DEBUG;
				SWIFT_OPTIMIZATION_LEVEL = "-Onone";
			};
			name = Debug;
		};
		995CB4011E3C0E3400C65044 /* Release */ = {
			isa = XCBuildConfiguration;
			buildSettings = {
				ALWAYS_SEARCH_USER_PATHS = NO;
				CLANG_ANALYZER_NONNULL = YES;
				CLANG_CXX_LANGUAGE_STANDARD = "gnu++0x";
				CLANG_CXX_LIBRARY = "libc++";
				CLANG_ENABLE_MODULES = YES;
				CLANG_ENABLE_OBJC_ARC = YES;
				CLANG_WARN_BOOL_CONVERSION = YES;
				CLANG_WARN_CONSTANT_CONVERSION = YES;
				CLANG_WARN_DIRECT_OBJC_ISA_USAGE = YES_ERROR;
				CLANG_WARN_DOCUMENTATION_COMMENTS = YES;
				CLANG_WARN_EMPTY_BODY = YES;
				CLANG_WARN_ENUM_CONVERSION = YES;
				CLANG_WARN_INFINITE_RECURSION = YES;
				CLANG_WARN_INT_CONVERSION = YES;
				CLANG_WARN_OBJC_ROOT_CLASS = YES_ERROR;
				CLANG_WARN_SUSPICIOUS_MOVE = YES;
				CLANG_WARN_UNREACHABLE_CODE = YES;
				CLANG_WARN__DUPLICATE_METHOD_MATCH = YES;
				"CODE_SIGN_IDENTITY[sdk=iphoneos*]" = "iPhone Developer";
				COPY_PHASE_STRIP = NO;
				DEBUG_INFORMATION_FORMAT = "dwarf-with-dsym";
				ENABLE_NS_ASSERTIONS = NO;
				ENABLE_STRICT_OBJC_MSGSEND = YES;
				GCC_C_LANGUAGE_STANDARD = gnu99;
				GCC_NO_COMMON_BLOCKS = YES;
				GCC_WARN_64_TO_32_BIT_CONVERSION = YES;
				GCC_WARN_ABOUT_RETURN_TYPE = YES_ERROR;
				GCC_WARN_UNDECLARED_SELECTOR = YES;
				GCC_WARN_UNINITIALIZED_AUTOS = YES_AGGRESSIVE;
				GCC_WARN_UNUSED_FUNCTION = YES;
				GCC_WARN_UNUSED_VARIABLE = YES;
				IPHONEOS_DEPLOYMENT_TARGET = 10.2;
				MTL_ENABLE_DEBUG_INFO = NO;
				SDKROOT = iphoneos;
				SWIFT_OPTIMIZATION_LEVEL = "-Owholemodule";
				VALIDATE_PRODUCT = YES;
			};
			name = Release;
		};
		995CB4031E3C0E3400C65044 /* Debug */ = {
			isa = XCBuildConfiguration;
			buildSettings = {
				ASSETCATALOG_COMPILER_APPICON_NAME = AppIcon;
				DEVELOPMENT_TEAM = 36GRAS5SS4;
				INFOPLIST_FILE = kurokiri/Info.plist;
				LD_RUNPATH_SEARCH_PATHS = "$(inherited) @executable_path/Frameworks";
				PRODUCT_BUNDLE_IDENTIFIER = example.swift.kurokiri;
				PRODUCT_NAME = "$(TARGET_NAME)";
				SWIFT_VERSION = 3.0;
			};
			name = Debug;
		};
		995CB4041E3C0E3400C65044 /* Release */ = {
			isa = XCBuildConfiguration;
			buildSettings = {
				ASSETCATALOG_COMPILER_APPICON_NAME = AppIcon;
				DEVELOPMENT_TEAM = 36GRAS5SS4;
				INFOPLIST_FILE = kurokiri/Info.plist;
				LD_RUNPATH_SEARCH_PATHS = "$(inherited) @executable_path/Frameworks";
				PRODUCT_BUNDLE_IDENTIFIER = example.swift.kurokiri;
				PRODUCT_NAME = "$(TARGET_NAME)";
				SWIFT_VERSION = 3.0;
			};
			name = Release;
		};
/* End XCBuildConfiguration section */

/* Begin XCConfigurationList section */
		995CB3EB1E3C0E3400C65044 /* Build configuration list for PBXProject "kurokiri" */ = {
			isa = XCConfigurationList;
			buildConfigurations = (
				995CB4001E3C0E3400C65044 /* Debug */,
				995CB4011E3C0E3400C65044 /* Release */,
			);
			defaultConfigurationIsVisible = 0;
			defaultConfigurationName = Release;
		};
		995CB4021E3C0E3400C65044 /* Build configuration list for PBXNativeTarget "kurokiri" */ = {
			isa = XCConfigurationList;
			buildConfigurations = (
				995CB4031E3C0E3400C65044 /* Debug */,
				995CB4041E3C0E3400C65044 /* Release */,
			);
			defaultConfigurationIsVisible = 0;
			defaultConfigurationName = Release;
		};
/* End XCConfigurationList section */
	};
	rootObject = 995CB3E81E3C0E3400C65044 /* Project object */;
}
